// !$*UTF8*$!
{
	archiveVersion = 1;
	classes = {
	};
	objectVersion = 56;
	objects = {

/* Begin PBXBuildFile section */
		F4451DD62AFB63E900957717 /* BannerModel.swift in Sources */ = {isa = PBXBuildFile; fileRef = F4451DD52AFB63E900957717 /* BannerModel.swift */; };
		F4451DD92AFBAB5600957717 /* ColourExtension.swift in Sources */ = {isa = PBXBuildFile; fileRef = F4451DD82AFBAB5600957717 /* ColourExtension.swift */; };
		F46946F12AF8EF0D00F03E0E /* NovelListViewModel.swift in Sources */ = {isa = PBXBuildFile; fileRef = F46946F02AF8EF0D00F03E0E /* NovelListViewModel.swift */; };
		F46946F62AF9138800F03E0E /* Alamofire in Frameworks */ = {isa = PBXBuildFile; productRef = F46946F52AF9138800F03E0E /* Alamofire */; };
		F46946F92AF9142200F03E0E /* Constant.swift in Sources */ = {isa = PBXBuildFile; fileRef = F46946F82AF9142200F03E0E /* Constant.swift */; };
		F46946FB2AF9172300F03E0E /* RespError.swift in Sources */ = {isa = PBXBuildFile; fileRef = F46946FA2AF9172300F03E0E /* RespError.swift */; };
		F46946FF2AF94AB200F03E0E /* MockData.swift in Sources */ = {isa = PBXBuildFile; fileRef = F46946FE2AF94AB200F03E0E /* MockData.swift */; };
		F46947012AF9572900F03E0E /* EngageView.swift in Sources */ = {isa = PBXBuildFile; fileRef = F46947002AF9572900F03E0E /* EngageView.swift */; };
		F4A1EB892AF8B6B2005BAF55 /* DekD_ios_challengeApp.swift in Sources */ = {isa = PBXBuildFile; fileRef = F4A1EB882AF8B6B2005BAF55 /* DekD_ios_challengeApp.swift */; };
		F4A1EB8B2AF8B6B2005BAF55 /* ContentView.swift in Sources */ = {isa = PBXBuildFile; fileRef = F4A1EB8A2AF8B6B2005BAF55 /* ContentView.swift */; };
		F4A1EB8D2AF8B6B4005BAF55 /* Assets.xcassets in Resources */ = {isa = PBXBuildFile; fileRef = F4A1EB8C2AF8B6B4005BAF55 /* Assets.xcassets */; };
		F4A1EB912AF8B6B4005BAF55 /* Preview Assets.xcassets in Resources */ = {isa = PBXBuildFile; fileRef = F4A1EB902AF8B6B4005BAF55 /* Preview Assets.xcassets */; };
		F4A1EB9E2AF8C30D005BAF55 /* NovelListView.swift in Sources */ = {isa = PBXBuildFile; fileRef = F4A1EB9D2AF8C30D005BAF55 /* NovelListView.swift */; };
		F4A1EBA22AF8C385005BAF55 /* NovelCard.swift in Sources */ = {isa = PBXBuildFile; fileRef = F4A1EBA12AF8C385005BAF55 /* NovelCard.swift */; };
		F4A1EBA42AF8CA7C005BAF55 /* BannerCard.swift in Sources */ = {isa = PBXBuildFile; fileRef = F4A1EBA32AF8CA7C005BAF55 /* BannerCard.swift */; };
		F4A1EBA62AF8E5F4005BAF55 /* NovelModel.swift in Sources */ = {isa = PBXBuildFile; fileRef = F4A1EBA52AF8E5F4005BAF55 /* NovelModel.swift */; };
		F4C79CB62B4D006600BFA1E6 /* Mixpanel in Frameworks */ = {isa = PBXBuildFile; productRef = F4C79CB52B4D006600BFA1E6 /* Mixpanel */; };
/* End PBXBuildFile section */

/* Begin PBXFileReference section */
		F4451DD52AFB63E900957717 /* BannerModel.swift */ = {isa = PBXFileReference; lastKnownFileType = sourcecode.swift; path = BannerModel.swift; sourceTree = "<group>"; };
		F4451DD82AFBAB5600957717 /* ColourExtension.swift */ = {isa = PBXFileReference; lastKnownFileType = sourcecode.swift; path = ColourExtension.swift; sourceTree = "<group>"; };
		F46946F02AF8EF0D00F03E0E /* NovelListViewModel.swift */ = {isa = PBXFileReference; lastKnownFileType = sourcecode.swift; path = NovelListViewModel.swift; sourceTree = "<group>"; };
		F46946F82AF9142200F03E0E /* Constant.swift */ = {isa = PBXFileReference; lastKnownFileType = sourcecode.swift; path = Constant.swift; sourceTree = "<group>"; };
		F46946FA2AF9172300F03E0E /* RespError.swift */ = {isa = PBXFileReference; lastKnownFileType = sourcecode.swift; path = RespError.swift; sourceTree = "<group>"; };
		F46946FE2AF94AB200F03E0E /* MockData.swift */ = {isa = PBXFileReference; lastKnownFileType = sourcecode.swift; path = MockData.swift; sourceTree = "<group>"; };
		F46947002AF9572900F03E0E /* EngageView.swift */ = {isa = PBXFileReference; lastKnownFileType = sourcecode.swift; path = EngageView.swift; sourceTree = "<group>"; };
		F4A1EB852AF8B6B2005BAF55 /* DekD-ios-challenge.app */ = {isa = PBXFileReference; explicitFileType = wrapper.application; includeInIndex = 0; path = "DekD-ios-challenge.app"; sourceTree = BUILT_PRODUCTS_DIR; };
		F4A1EB882AF8B6B2005BAF55 /* DekD_ios_challengeApp.swift */ = {isa = PBXFileReference; lastKnownFileType = sourcecode.swift; path = DekD_ios_challengeApp.swift; sourceTree = "<group>"; };
		F4A1EB8A2AF8B6B2005BAF55 /* ContentView.swift */ = {isa = PBXFileReference; lastKnownFileType = sourcecode.swift; path = ContentView.swift; sourceTree = "<group>"; };
		F4A1EB8C2AF8B6B4005BAF55 /* Assets.xcassets */ = {isa = PBXFileReference; lastKnownFileType = folder.assetcatalog; path = Assets.xcassets; sourceTree = "<group>"; };
		F4A1EB8E2AF8B6B4005BAF55 /* DekD_ios_challenge.entitlements */ = {isa = PBXFileReference; lastKnownFileType = text.plist.entitlements; path = DekD_ios_challenge.entitlements; sourceTree = "<group>"; };
		F4A1EB902AF8B6B4005BAF55 /* Preview Assets.xcassets */ = {isa = PBXFileReference; lastKnownFileType = folder.assetcatalog; path = "Preview Assets.xcassets"; sourceTree = "<group>"; };
		F4A1EB9D2AF8C30D005BAF55 /* NovelListView.swift */ = {isa = PBXFileReference; lastKnownFileType = sourcecode.swift; path = NovelListView.swift; sourceTree = "<group>"; };
		F4A1EBA12AF8C385005BAF55 /* NovelCard.swift */ = {isa = PBXFileReference; lastKnownFileType = sourcecode.swift; path = NovelCard.swift; sourceTree = "<group>"; };
		F4A1EBA32AF8CA7C005BAF55 /* BannerCard.swift */ = {isa = PBXFileReference; lastKnownFileType = sourcecode.swift; path = BannerCard.swift; sourceTree = "<group>"; };
		F4A1EBA52AF8E5F4005BAF55 /* NovelModel.swift */ = {isa = PBXFileReference; lastKnownFileType = sourcecode.swift; path = NovelModel.swift; sourceTree = "<group>"; };
/* End PBXFileReference section */

/* Begin PBXFrameworksBuildPhase section */
		F4A1EB822AF8B6B2005BAF55 /* Frameworks */ = {
			isa = PBXFrameworksBuildPhase;
			buildActionMask = 2147483647;
			files = (
				F4C79CB62B4D006600BFA1E6 /* Mixpanel in Frameworks */,
				F46946F62AF9138800F03E0E /* Alamofire in Frameworks */,
			);
			runOnlyForDeploymentPostprocessing = 0;
		};
/* End PBXFrameworksBuildPhase section */

/* Begin PBXGroup section */
		F4451DD72AFBAB4200957717 /* Extension */ = {
			isa = PBXGroup;
			children = (
				F4451DD82AFBAB5600957717 /* ColourExtension.swift */,
			);
			path = Extension;
			sourceTree = "<group>";
		};
		F46946F72AF9140B00F03E0E /* Utility */ = {
			isa = PBXGroup;
			children = (
				F46946F82AF9142200F03E0E /* Constant.swift */,
				F46946FA2AF9172300F03E0E /* RespError.swift */,
				F46946FE2AF94AB200F03E0E /* MockData.swift */,
			);
			path = Utility;
			sourceTree = "<group>";
		};
		F4A1EB7C2AF8B6B2005BAF55 = {
			isa = PBXGroup;
			children = (
				F4A1EB872AF8B6B2005BAF55 /* DekD-ios-challenge */,
				F4A1EB862AF8B6B2005BAF55 /* Products */,
			);
			sourceTree = "<group>";
		};
		F4A1EB862AF8B6B2005BAF55 /* Products */ = {
			isa = PBXGroup;
			children = (
				F4A1EB852AF8B6B2005BAF55 /* DekD-ios-challenge.app */,
			);
			name = Products;
			sourceTree = "<group>";
		};
		F4A1EB872AF8B6B2005BAF55 /* DekD-ios-challenge */ = {
			isa = PBXGroup;
			children = (
				F4A1EB972AF8C0A1005BAF55 /* Base */,
				F46946F72AF9140B00F03E0E /* Utility */,
				F4451DD72AFBAB4200957717 /* Extension */,
				F4A1EB9B2AF8C1F9005BAF55 /* Model */,
				F4A1EB992AF8C15B005BAF55 /* ViewModel */,
				F4A1EB982AF8C14B005BAF55 /* View */,
				F4A1EB8C2AF8B6B4005BAF55 /* Assets.xcassets */,
				F4A1EB8E2AF8B6B4005BAF55 /* DekD_ios_challenge.entitlements */,
				F4A1EB8F2AF8B6B4005BAF55 /* Preview Content */,
			);
			path = "DekD-ios-challenge";
			sourceTree = "<group>";
		};
		F4A1EB8F2AF8B6B4005BAF55 /* Preview Content */ = {
			isa = PBXGroup;
			children = (
				F4A1EB902AF8B6B4005BAF55 /* Preview Assets.xcassets */,
			);
			path = "Preview Content";
			sourceTree = "<group>";
		};
		F4A1EB972AF8C0A1005BAF55 /* Base */ = {
			isa = PBXGroup;
			children = (
				F4A1EB882AF8B6B2005BAF55 /* DekD_ios_challengeApp.swift */,
				F4A1EB8A2AF8B6B2005BAF55 /* ContentView.swift */,
			);
			path = Base;
			sourceTree = "<group>";
		};
		F4A1EB982AF8C14B005BAF55 /* View */ = {
			isa = PBXGroup;
			children = (
				F4A1EB9C2AF8C2E9005BAF55 /* NovelList */,
			);
			path = View;
			sourceTree = "<group>";
		};
		F4A1EB992AF8C15B005BAF55 /* ViewModel */ = {
			isa = PBXGroup;
			children = (
				F46946F02AF8EF0D00F03E0E /* NovelListViewModel.swift */,
			);
			path = ViewModel;
			sourceTree = "<group>";
		};
		F4A1EB9B2AF8C1F9005BAF55 /* Model */ = {
			isa = PBXGroup;
			children = (
				F4A1EBA52AF8E5F4005BAF55 /* NovelModel.swift */,
				F4451DD52AFB63E900957717 /* BannerModel.swift */,
			);
			path = Model;
			sourceTree = "<group>";
		};
		F4A1EB9C2AF8C2E9005BAF55 /* NovelList */ = {
			isa = PBXGroup;
			children = (
				F4A1EB9D2AF8C30D005BAF55 /* NovelListView.swift */,
				F4A1EBA12AF8C385005BAF55 /* NovelCard.swift */,
				F4A1EBA32AF8CA7C005BAF55 /* BannerCard.swift */,
				F46947002AF9572900F03E0E /* EngageView.swift */,
			);
			path = NovelList;
			sourceTree = "<group>";
		};
/* End PBXGroup section */

/* Begin PBXNativeTarget section */
		F4A1EB842AF8B6B2005BAF55 /* DekD-ios-challenge */ = {
			isa = PBXNativeTarget;
			buildConfigurationList = F4A1EB942AF8B6B4005BAF55 /* Build configuration list for PBXNativeTarget "DekD-ios-challenge" */;
			buildPhases = (
				F4A1EB812AF8B6B2005BAF55 /* Sources */,
				F4A1EB822AF8B6B2005BAF55 /* Frameworks */,
				F4A1EB832AF8B6B2005BAF55 /* Resources */,
			);
			buildRules = (
			);
			dependencies = (
			);
			name = "DekD-ios-challenge";
			packageProductDependencies = (
				F46946F52AF9138800F03E0E /* Alamofire */,
				F4C79CB52B4D006600BFA1E6 /* Mixpanel */,
			);
			productName = "DekD-ios-challenge";
			productReference = F4A1EB852AF8B6B2005BAF55 /* DekD-ios-challenge.app */;
			productType = "com.apple.product-type.application";
		};
/* End PBXNativeTarget section */

/* Begin PBXProject section */
		F4A1EB7D2AF8B6B2005BAF55 /* Project object */ = {
			isa = PBXProject;
			attributes = {
				BuildIndependentTargetsInParallel = 1;
				LastSwiftUpdateCheck = 1500;
				LastUpgradeCheck = 1500;
				TargetAttributes = {
					F4A1EB842AF8B6B2005BAF55 = {
						CreatedOnToolsVersion = 15.0;
					};
				};
			};
			buildConfigurationList = F4A1EB802AF8B6B2005BAF55 /* Build configuration list for PBXProject "DekD-ios-challenge" */;
			compatibilityVersion = "Xcode 14.0";
			developmentRegion = en;
			hasScannedForEncodings = 0;
			knownRegions = (
				en,
				Base,
			);
			mainGroup = F4A1EB7C2AF8B6B2005BAF55;
			packageReferences = (
				F46946F42AF9138800F03E0E /* XCRemoteSwiftPackageReference "Alamofire" */,
				F4C79CB42B4D006600BFA1E6 /* XCRemoteSwiftPackageReference "mixpanel-swift" */,
			);
			productRefGroup = F4A1EB862AF8B6B2005BAF55 /* Products */;
			projectDirPath = "";
			projectRoot = "";
			targets = (
				F4A1EB842AF8B6B2005BAF55 /* DekD-ios-challenge */,
			);
		};
/* End PBXProject section */

/* Begin PBXResourcesBuildPhase section */
		F4A1EB832AF8B6B2005BAF55 /* Resources */ = {
			isa = PBXResourcesBuildPhase;
			buildActionMask = 2147483647;
			files = (
				F4A1EB912AF8B6B4005BAF55 /* Preview Assets.xcassets in Resources */,
				F4A1EB8D2AF8B6B4005BAF55 /* Assets.xcassets in Resources */,
			);
			runOnlyForDeploymentPostprocessing = 0;
		};
/* End PBXResourcesBuildPhase section */

/* Begin PBXSourcesBuildPhase section */
		F4A1EB812AF8B6B2005BAF55 /* Sources */ = {
			isa = PBXSourcesBuildPhase;
			buildActionMask = 2147483647;
			files = (
				F4A1EBA22AF8C385005BAF55 /* NovelCard.swift in Sources */,
				F4A1EB8B2AF8B6B2005BAF55 /* ContentView.swift in Sources */,
				F46946F92AF9142200F03E0E /* Constant.swift in Sources */,
				F4451DD62AFB63E900957717 /* BannerModel.swift in Sources */,
				F4A1EBA62AF8E5F4005BAF55 /* NovelModel.swift in Sources */,
				F46946F12AF8EF0D00F03E0E /* NovelListViewModel.swift in Sources */,
				F46946FB2AF9172300F03E0E /* RespError.swift in Sources */,
				F46947012AF9572900F03E0E /* EngageView.swift in Sources */,
				F4A1EBA42AF8CA7C005BAF55 /* BannerCard.swift in Sources */,
				F4A1EB9E2AF8C30D005BAF55 /* NovelListView.swift in Sources */,
				F4A1EB892AF8B6B2005BAF55 /* DekD_ios_challengeApp.swift in Sources */,
				F46946FF2AF94AB200F03E0E /* MockData.swift in Sources */,
				F4451DD92AFBAB5600957717 /* ColourExtension.swift in Sources */,
			);
			runOnlyForDeploymentPostprocessing = 0;
		};
/* End PBXSourcesBuildPhase section */

/* Begin XCBuildConfiguration section */
		F4A1EB922AF8B6B4005BAF55 /* Debug */ = {
			isa = XCBuildConfiguration;
			buildSettings = {
				ALWAYS_SEARCH_USER_PATHS = NO;
				ASSETCATALOG_COMPILER_GENERATE_SWIFT_ASSET_SYMBOL_EXTENSIONS = YES;
				CLANG_ANALYZER_NONNULL = YES;
				CLANG_ANALYZER_NUMBER_OBJECT_CONVERSION = YES_AGGRESSIVE;
				CLANG_CXX_LANGUAGE_STANDARD = "gnu++20";
				CLANG_ENABLE_MODULES = YES;
				CLANG_ENABLE_OBJC_ARC = YES;
				CLANG_ENABLE_OBJC_WEAK = YES;
				CLANG_WARN_BLOCK_CAPTURE_AUTORELEASING = YES;
				CLANG_WARN_BOOL_CONVERSION = YES;
				CLANG_WARN_COMMA = YES;
				CLANG_WARN_CONSTANT_CONVERSION = YES;
				CLANG_WARN_DEPRECATED_OBJC_IMPLEMENTATIONS = YES;
				CLANG_WARN_DIRECT_OBJC_ISA_USAGE = YES_ERROR;
				CLANG_WARN_DOCUMENTATION_COMMENTS = YES;
				CLANG_WARN_EMPTY_BODY = YES;
				CLANG_WARN_ENUM_CONVERSION = YES;
				CLANG_WARN_INFINITE_RECURSION = YES;
				CLANG_WARN_INT_CONVERSION = YES;
				CLANG_WARN_NON_LITERAL_NULL_CONVERSION = YES;
				CLANG_WARN_OBJC_IMPLICIT_RETAIN_SELF = YES;
				CLANG_WARN_OBJC_LITERAL_CONVERSION = YES;
				CLANG_WARN_OBJC_ROOT_CLASS = YES_ERROR;
				CLANG_WARN_QUOTED_INCLUDE_IN_FRAMEWORK_HEADER = YES;
				CLANG_WARN_RANGE_LOOP_ANALYSIS = YES;
				CLANG_WARN_STRICT_PROTOTYPES = YES;
				CLANG_WARN_SUSPICIOUS_MOVE = YES;
				CLANG_WARN_UNGUARDED_AVAILABILITY = YES_AGGRESSIVE;
				CLANG_WARN_UNREACHABLE_CODE = YES;
				CLANG_WARN__DUPLICATE_METHOD_MATCH = YES;
				COPY_PHASE_STRIP = NO;
				DEBUG_INFORMATION_FORMAT = dwarf;
				ENABLE_STRICT_OBJC_MSGSEND = YES;
				ENABLE_TESTABILITY = YES;
				ENABLE_USER_SCRIPT_SANDBOXING = YES;
				GCC_C_LANGUAGE_STANDARD = gnu17;
				GCC_DYNAMIC_NO_PIC = NO;
				GCC_NO_COMMON_BLOCKS = YES;
				GCC_OPTIMIZATION_LEVEL = 0;
				GCC_PREPROCESSOR_DEFINITIONS = (
					"DEBUG=1",
					"$(inherited)",
				);
				GCC_WARN_64_TO_32_BIT_CONVERSION = YES;
				GCC_WARN_ABOUT_RETURN_TYPE = YES_ERROR;
				GCC_WARN_UNDECLARED_SELECTOR = YES;
				GCC_WARN_UNINITIALIZED_AUTOS = YES_AGGRESSIVE;
				GCC_WARN_UNUSED_FUNCTION = YES;
				GCC_WARN_UNUSED_VARIABLE = YES;
				LOCALIZATION_PREFERS_STRING_CATALOGS = YES;
				MTL_ENABLE_DEBUG_INFO = INCLUDE_SOURCE;
				MTL_FAST_MATH = YES;
				ONLY_ACTIVE_ARCH = YES;
				SWIFT_ACTIVE_COMPILATION_CONDITIONS = "DEBUG $(inherited)";
				SWIFT_OPTIMIZATION_LEVEL = "-Onone";
			};
			name = Debug;
		};
		F4A1EB932AF8B6B4005BAF55 /* Release */ = {
			isa = XCBuildConfiguration;
			buildSettings = {
				ALWAYS_SEARCH_USER_PATHS = NO;
				ASSETCATALOG_COMPILER_GENERATE_SWIFT_ASSET_SYMBOL_EXTENSIONS = YES;
				CLANG_ANALYZER_NONNULL = YES;
				CLANG_ANALYZER_NUMBER_OBJECT_CONVERSION = YES_AGGRESSIVE;
				CLANG_CXX_LANGUAGE_STANDARD = "gnu++20";
				CLANG_ENABLE_MODULES = YES;
				CLANG_ENABLE_OBJC_ARC = YES;
				CLANG_ENABLE_OBJC_WEAK = YES;
				CLANG_WARN_BLOCK_CAPTURE_AUTORELEASING = YES;
				CLANG_WARN_BOOL_CONVERSION = YES;
				CLANG_WARN_COMMA = YES;
				CLANG_WARN_CONSTANT_CONVERSION = YES;
				CLANG_WARN_DEPRECATED_OBJC_IMPLEMENTATIONS = YES;
				CLANG_WARN_DIRECT_OBJC_ISA_USAGE = YES_ERROR;
				CLANG_WARN_DOCUMENTATION_COMMENTS = YES;
				CLANG_WARN_EMPTY_BODY = YES;
				CLANG_WARN_ENUM_CONVERSION = YES;
				CLANG_WARN_INFINITE_RECURSION = YES;
				CLANG_WARN_INT_CONVERSION = YES;
				CLANG_WARN_NON_LITERAL_NULL_CONVERSION = YES;
				CLANG_WARN_OBJC_IMPLICIT_RETAIN_SELF = YES;
				CLANG_WARN_OBJC_LITERAL_CONVERSION = YES;
				CLANG_WARN_OBJC_ROOT_CLASS = YES_ERROR;
				CLANG_WARN_QUOTED_INCLUDE_IN_FRAMEWORK_HEADER = YES;
				CLANG_WARN_RANGE_LOOP_ANALYSIS = YES;
				CLANG_WARN_STRICT_PROTOTYPES = YES;
				CLANG_WARN_SUSPICIOUS_MOVE = YES;
				CLANG_WARN_UNGUARDED_AVAILABILITY = YES_AGGRESSIVE;
				CLANG_WARN_UNREACHABLE_CODE = YES;
				CLANG_WARN__DUPLICATE_METHOD_MATCH = YES;
				COPY_PHASE_STRIP = NO;
				DEBUG_INFORMATION_FORMAT = "dwarf-with-dsym";
				ENABLE_NS_ASSERTIONS = NO;
				ENABLE_STRICT_OBJC_MSGSEND = YES;
				ENABLE_USER_SCRIPT_SANDBOXING = YES;
				GCC_C_LANGUAGE_STANDARD = gnu17;
				GCC_NO_COMMON_BLOCKS = YES;
				GCC_WARN_64_TO_32_BIT_CONVERSION = YES;
				GCC_WARN_ABOUT_RETURN_TYPE = YES_ERROR;
				GCC_WARN_UNDECLARED_SELECTOR = YES;
				GCC_WARN_UNINITIALIZED_AUTOS = YES_AGGRESSIVE;
				GCC_WARN_UNUSED_FUNCTION = YES;
				GCC_WARN_UNUSED_VARIABLE = YES;
				LOCALIZATION_PREFERS_STRING_CATALOGS = YES;
				MTL_ENABLE_DEBUG_INFO = NO;
				MTL_FAST_MATH = YES;
				SWIFT_COMPILATION_MODE = wholemodule;
			};
			name = Release;
		};
		F4A1EB952AF8B6B4005BAF55 /* Debug */ = {
			isa = XCBuildConfiguration;
			buildSettings = {
				ASSETCATALOG_COMPILER_APPICON_NAME = AppIcon;
				ASSETCATALOG_COMPILER_GLOBAL_ACCENT_COLOR_NAME = AccentColor;
				CODE_SIGN_ENTITLEMENTS = "DekD-ios-challenge/DekD_ios_challenge.entitlements";
				CODE_SIGN_STYLE = Automatic;
				CURRENT_PROJECT_VERSION = 1;
				DEVELOPMENT_ASSET_PATHS = "\"DekD-ios-challenge/Preview Content\"";
				DEVELOPMENT_TEAM = WQZMRCYBFX;
				ENABLE_HARDENED_RUNTIME = YES;
				ENABLE_PREVIEWS = YES;
				GENERATE_INFOPLIST_FILE = YES;
				"INFOPLIST_KEY_UIApplicationSceneManifest_Generation[sdk=iphoneos*]" = YES;
				"INFOPLIST_KEY_UIApplicationSceneManifest_Generation[sdk=iphonesimulator*]" = YES;
				"INFOPLIST_KEY_UIApplicationSupportsIndirectInputEvents[sdk=iphoneos*]" = YES;
				"INFOPLIST_KEY_UIApplicationSupportsIndirectInputEvents[sdk=iphonesimulator*]" = YES;
				"INFOPLIST_KEY_UILaunchScreen_Generation[sdk=iphoneos*]" = YES;
				"INFOPLIST_KEY_UILaunchScreen_Generation[sdk=iphonesimulator*]" = YES;
				"INFOPLIST_KEY_UIStatusBarStyle[sdk=iphoneos*]" = UIStatusBarStyleDefault;
				"INFOPLIST_KEY_UIStatusBarStyle[sdk=iphonesimulator*]" = UIStatusBarStyleDefault;
				INFOPLIST_KEY_UISupportedInterfaceOrientations_iPad = "UIInterfaceOrientationPortrait UIInterfaceOrientationPortraitUpsideDown UIInterfaceOrientationLandscapeLeft UIInterfaceOrientationLandscapeRight";
				INFOPLIST_KEY_UISupportedInterfaceOrientations_iPhone = "UIInterfaceOrientationPortrait UIInterfaceOrientationLandscapeLeft UIInterfaceOrientationLandscapeRight";
				IPHONEOS_DEPLOYMENT_TARGET = 17.0;
				LD_RUNPATH_SEARCH_PATHS = "@executable_path/Frameworks";
				"LD_RUNPATH_SEARCH_PATHS[sdk=macosx*]" = "@executable_path/../Frameworks";
				MACOSX_DEPLOYMENT_TARGET = 14.0;
				MARKETING_VERSION = 1.0;
				PRODUCT_BUNDLE_IDENTIFIER = "uk.simon.DekD-ios-challenge";
				PRODUCT_NAME = "$(TARGET_NAME)";
				SDKROOT = auto;
				SUPPORTED_PLATFORMS = "iphoneos iphonesimulator macosx";
				SWIFT_EMIT_LOC_STRINGS = YES;
				SWIFT_VERSION = 5.0;
				TARGETED_DEVICE_FAMILY = "1,2";
			};
			name = Debug;
		};
		F4A1EB962AF8B6B4005BAF55 /* Release */ = {
			isa = XCBuildConfiguration;
			buildSettings = {
				ASSETCATALOG_COMPILER_APPICON_NAME = AppIcon;
				ASSETCATALOG_COMPILER_GLOBAL_ACCENT_COLOR_NAME = AccentColor;
				CODE_SIGN_ENTITLEMENTS = "DekD-ios-challenge/DekD_ios_challenge.entitlements";
				CODE_SIGN_STYLE = Automatic;
				CURRENT_PROJECT_VERSION = 1;
				DEVELOPMENT_ASSET_PATHS = "\"DekD-ios-challenge/Preview Content\"";
				DEVELOPMENT_TEAM = WQZMRCYBFX;
				ENABLE_HARDENED_RUNTIME = YES;
				ENABLE_PREVIEWS = YES;
				GENERATE_INFOPLIST_FILE = YES;
				"INFOPLIST_KEY_UIApplicationSceneManifest_Generation[sdk=iphoneos*]" = YES;
				"INFOPLIST_KEY_UIApplicationSceneManifest_Generation[sdk=iphonesimulator*]" = YES;
				"INFOPLIST_KEY_UIApplicationSupportsIndirectInputEvents[sdk=iphoneos*]" = YES;
				"INFOPLIST_KEY_UIApplicationSupportsIndirectInputEvents[sdk=iphonesimulator*]" = YES;
				"INFOPLIST_KEY_UILaunchScreen_Generation[sdk=iphoneos*]" = YES;
				"INFOPLIST_KEY_UILaunchScreen_Generation[sdk=iphonesimulator*]" = YES;
				"INFOPLIST_KEY_UIStatusBarStyle[sdk=iphoneos*]" = UIStatusBarStyleDefault;
				"INFOPLIST_KEY_UIStatusBarStyle[sdk=iphonesimulator*]" = UIStatusBarStyleDefault;
				INFOPLIST_KEY_UISupportedInterfaceOrientations_iPad = "UIInterfaceOrientationPortrait UIInterfaceOrientationPortraitUpsideDown UIInterfaceOrientationLandscapeLeft UIInterfaceOrientationLandscapeRight";
				INFOPLIST_KEY_UISupportedInterfaceOrientations_iPhone = "UIInterfaceOrientationPortrait UIInterfaceOrientationLandscapeLeft UIInterfaceOrientationLandscapeRight";
				IPHONEOS_DEPLOYMENT_TARGET = 17.0;
				LD_RUNPATH_SEARCH_PATHS = "@executable_path/Frameworks";
				"LD_RUNPATH_SEARCH_PATHS[sdk=macosx*]" = "@executable_path/../Frameworks";
				MACOSX_DEPLOYMENT_TARGET = 14.0;
				MARKETING_VERSION = 1.0;
				PRODUCT_BUNDLE_IDENTIFIER = "uk.simon.DekD-ios-challenge";
				PRODUCT_NAME = "$(TARGET_NAME)";
				SDKROOT = auto;
				SUPPORTED_PLATFORMS = "iphoneos iphonesimulator macosx";
				SWIFT_EMIT_LOC_STRINGS = YES;
				SWIFT_VERSION = 5.0;
				TARGETED_DEVICE_FAMILY = "1,2";
			};
			name = Release;
		};
/* End XCBuildConfiguration section */

/* Begin XCConfigurationList section */
		F4A1EB802AF8B6B2005BAF55 /* Build configuration list for PBXProject "DekD-ios-challenge" */ = {
			isa = XCConfigurationList;
			buildConfigurations = (
				F4A1EB922AF8B6B4005BAF55 /* Debug */,
				F4A1EB932AF8B6B4005BAF55 /* Release */,
			);
			defaultConfigurationIsVisible = 0;
			defaultConfigurationName = Release;
		};
		F4A1EB942AF8B6B4005BAF55 /* Build configuration list for PBXNativeTarget "DekD-ios-challenge" */ = {
			isa = XCConfigurationList;
			buildConfigurations = (
				F4A1EB952AF8B6B4005BAF55 /* Debug */,
				F4A1EB962AF8B6B4005BAF55 /* Release */,
			);
			defaultConfigurationIsVisible = 0;
			defaultConfigurationName = Release;
		};
/* End XCConfigurationList section */

/* Begin XCRemoteSwiftPackageReference section */
		F46946F42AF9138800F03E0E /* XCRemoteSwiftPackageReference "Alamofire" */ = {
			isa = XCRemoteSwiftPackageReference;
			repositoryURL = "https://github.com/Alamofire/Alamofire";
			requirement = {
				kind = upToNextMajorVersion;
				minimumVersion = 5.8.1;
			};
		};
		F4C79CB42B4D006600BFA1E6 /* XCRemoteSwiftPackageReference "mixpanel-swift" */ = {
			isa = XCRemoteSwiftPackageReference;
			repositoryURL = "https://github.com/mixpanel/mixpanel-swift";
			requirement = {
				branch = master;
				kind = branch;
			};
		};
/* End XCRemoteSwiftPackageReference section */

/* Begin XCSwiftPackageProductDependency section */
		F46946F52AF9138800F03E0E /* Alamofire */ = {
			isa = XCSwiftPackageProductDependency;
			package = F46946F42AF9138800F03E0E /* XCRemoteSwiftPackageReference "Alamofire" */;
			productName = Alamofire;
		};
		F4C79CB52B4D006600BFA1E6 /* Mixpanel */ = {
			isa = XCSwiftPackageProductDependency;
			package = F4C79CB42B4D006600BFA1E6 /* XCRemoteSwiftPackageReference "mixpanel-swift" */;
			productName = Mixpanel;
		};
/* End XCSwiftPackageProductDependency section */
	};
	rootObject = F4A1EB7D2AF8B6B2005BAF55 /* Project object */;
}
